# This file is automatically @generated by Poetry 1.8.3 and should not be changed by hand.

[[package]]
name = "argparse"
version = "1.4.0"
description = "Python command-line parsing library"
optional = false
python-versions = "*"
files = [
    {file = "argparse-1.4.0-py2.py3-none-any.whl", hash = "sha256:c31647edb69fd3d465a847ea3157d37bed1f95f19760b11a47aa91c04b666314"},
    {file = "argparse-1.4.0.tar.gz", hash = "sha256:62b089a55be1d8949cd2bc7e0df0bddb9e028faefc8c32038cc84862aefdd6e4"},
]

[[package]]
name = "et-xmlfile"
version = "1.1.0"
description = "An implementation of lxml.xmlfile for the standard library"
optional = false
python-versions = ">=3.6"
files = [
    {file = "et_xmlfile-1.1.0-py3-none-any.whl", hash = "sha256:a2ba85d1d6a74ef63837eed693bcb89c3f752169b0e3e7ae5b16ca5e1b3deada"},
    {file = "et_xmlfile-1.1.0.tar.gz", hash = "sha256:8eb9e2bc2f8c97e37a2dc85a09ecdcdec9d8a396530a6d5a33b30b9a92da0c5c"},
]

[[package]]
name = "openpyxl"
version = "3.1.5"
description = "A Python library to read/write Excel 2010 xlsx/xlsm files"
optional = false
python-versions = ">=3.8"
files = [
    {file = "openpyxl-3.1.5-py2.py3-none-any.whl", hash = "sha256:5282c12b107bffeef825f4617dc029afaf41d0ea60823bbb665ef3079dc79de2"},
    {file = "openpyxl-3.1.5.tar.gz", hash = "sha256:cf0e3cf56142039133628b5acffe8ef0c12bc902d2aadd3e0fe5878dc08d1050"},
]

[package.dependencies]
et-xmlfile = "*"

[metadata]
lock-version = "2.0"
python-versions = "^3.9"
content-hash = "3e658065df92747611bd7e2409d9d78790ff372f2d459f91257ac78ee4c4509b"
